// !$*UTF8*$!
{
	archiveVersion = 1;
	classes = {
	};
	objectVersion = 56;
	objects = {

/* Begin PBXBuildFile section */
		330F1BFF2C0B90EA006580F9 /* twitter_cloneApp.swift in Sources */ = {isa = PBXBuildFile; fileRef = 330F1BFE2C0B90EA006580F9 /* twitter_cloneApp.swift */; };
		330F1C012C0B90EA006580F9 /* ContentView.swift in Sources */ = {isa = PBXBuildFile; fileRef = 330F1C002C0B90EA006580F9 /* ContentView.swift */; };
		330F1C032C0B90EB006580F9 /* Assets.xcassets in Resources */ = {isa = PBXBuildFile; fileRef = 330F1C022C0B90EB006580F9 /* Assets.xcassets */; };
		330F1C062C0B90EB006580F9 /* Preview Assets.xcassets in Resources */ = {isa = PBXBuildFile; fileRef = 330F1C052C0B90EB006580F9 /* Preview Assets.xcassets */; };
		330F1C102C0B90EB006580F9 /* twitter_cloneTests.swift in Sources */ = {isa = PBXBuildFile; fileRef = 330F1C0F2C0B90EB006580F9 /* twitter_cloneTests.swift */; };
		330F1C1A2C0B90EB006580F9 /* twitter_cloneUITests.swift in Sources */ = {isa = PBXBuildFile; fileRef = 330F1C192C0B90EB006580F9 /* twitter_cloneUITests.swift */; };
		330F1C1C2C0B90EB006580F9 /* twitter_cloneUITestsLaunchTests.swift in Sources */ = {isa = PBXBuildFile; fileRef = 330F1C1B2C0B90EB006580F9 /* twitter_cloneUITestsLaunchTests.swift */; };
/* End PBXBuildFile section */

/* Begin PBXContainerItemProxy section */
		330F1C0C2C0B90EB006580F9 /* PBXContainerItemProxy */ = {
			isa = PBXContainerItemProxy;
			containerPortal = 330F1BF32C0B90E9006580F9 /* Project object */;
			proxyType = 1;
			remoteGlobalIDString = 330F1BFA2C0B90E9006580F9;
			remoteInfo = twitter_clone;
		};
		330F1C162C0B90EB006580F9 /* PBXContainerItemProxy */ = {
			isa = PBXContainerItemProxy;
			containerPortal = 330F1BF32C0B90E9006580F9 /* Project object */;
			proxyType = 1;
			remoteGlobalIDString = 330F1BFA2C0B90E9006580F9;
			remoteInfo = twitter_clone;
		};
/* End PBXContainerItemProxy section */

/* Begin PBXFileReference section */
		330F1BFB2C0B90EA006580F9 /* twitter_clone.app */ = {isa = PBXFileReference; explicitFileType = wrapper.application; includeInIndex = 0; path = twitter_clone.app; sourceTree = BUILT_PRODUCTS_DIR; };
		330F1BFE2C0B90EA006580F9 /* twitter_cloneApp.swift */ = {isa = PBXFileReference; lastKnownFileType = sourcecode.swift; path = twitter_cloneApp.swift; sourceTree = "<group>"; };
		330F1C002C0B90EA006580F9 /* ContentView.swift */ = {isa = PBXFileReference; lastKnownFileType = sourcecode.swift; path = ContentView.swift; sourceTree = "<group>"; };
		330F1C022C0B90EB006580F9 /* Assets.xcassets */ = {isa = PBXFileReference; lastKnownFileType = folder.assetcatalog; path = Assets.xcassets; sourceTree = "<group>"; };
		330F1C052C0B90EB006580F9 /* Preview Assets.xcassets */ = {isa = PBXFileReference; lastKnownFileType = folder.assetcatalog; path = "Preview Assets.xcassets"; sourceTree = "<group>"; };
		330F1C0B2C0B90EB006580F9 /* twitter_cloneTests.xctest */ = {isa = PBXFileReference; explicitFileType = wrapper.cfbundle; includeInIndex = 0; path = twitter_cloneTests.xctest; sourceTree = BUILT_PRODUCTS_DIR; };
		330F1C0F2C0B90EB006580F9 /* twitter_cloneTests.swift */ = {isa = PBXFileReference; lastKnownFileType = sourcecode.swift; path = twitter_cloneTests.swift; sourceTree = "<group>"; };
		330F1C152C0B90EB006580F9 /* twitter_cloneUITests.xctest */ = {isa = PBXFileReference; explicitFileType = wrapper.cfbundle; includeInIndex = 0; path = twitter_cloneUITests.xctest; sourceTree = BUILT_PRODUCTS_DIR; };
		330F1C192C0B90EB006580F9 /* twitter_cloneUITests.swift */ = {isa = PBXFileReference; lastKnownFileType = sourcecode.swift; path = twitter_cloneUITests.swift; sourceTree = "<group>"; };
		330F1C1B2C0B90EB006580F9 /* twitter_cloneUITestsLaunchTests.swift */ = {isa = PBXFileReference; lastKnownFileType = sourcecode.swift; path = twitter_cloneUITestsLaunchTests.swift; sourceTree = "<group>"; };
/* End PBXFileReference section */

/* Begin PBXFrameworksBuildPhase section */
		330F1BF82C0B90E9006580F9 /* Frameworks */ = {
			isa = PBXFrameworksBuildPhase;
			buildActionMask = 2147483647;
			files = (
			);
			runOnlyForDeploymentPostprocessing = 0;
		};
		330F1C082C0B90EB006580F9 /* Frameworks */ = {
			isa = PBXFrameworksBuildPhase;
			buildActionMask = 2147483647;
			files = (
			);
			runOnlyForDeploymentPostprocessing = 0;
		};
		330F1C122C0B90EB006580F9 /* Frameworks */ = {
			isa = PBXFrameworksBuildPhase;
			buildActionMask = 2147483647;
			files = (
			);
			runOnlyForDeploymentPostprocessing = 0;
		};
/* End PBXFrameworksBuildPhase section */

/* Begin PBXGroup section */
		330F1BF22C0B90E9006580F9 = {
			isa = PBXGroup;
			children = (
				330F1BFD2C0B90EA006580F9 /* twitter_clone */,
				330F1C0E2C0B90EB006580F9 /* twitter_cloneTests */,
				330F1C182C0B90EB006580F9 /* twitter_cloneUITests */,
				330F1BFC2C0B90EA006580F9 /* Products */,
			);
			sourceTree = "<group>";
		};
		330F1BFC2C0B90EA006580F9 /* Products */ = {
			isa = PBXGroup;
			children = (
				330F1BFB2C0B90EA006580F9 /* twitter_clone.app */,
				330F1C0B2C0B90EB006580F9 /* twitter_cloneTests.xctest */,
				330F1C152C0B90EB006580F9 /* twitter_cloneUITests.xctest */,
			);
			name = Products;
			sourceTree = "<group>";
		};
		330F1BFD2C0B90EA006580F9 /* twitter_clone */ = {
			isa = PBXGroup;
			children = (
				330F1BFE2C0B90EA006580F9 /* twitter_cloneApp.swift */,
				330F1C002C0B90EA006580F9 /* ContentView.swift */,
				330F1C022C0B90EB006580F9 /* Assets.xcassets */,
				330F1C042C0B90EB006580F9 /* Preview Content */,
			);
			path = twitter_clone;
			sourceTree = "<group>";
		};
		330F1C042C0B90EB006580F9 /* Preview Content */ = {
			isa = PBXGroup;
			children = (
				330F1C052C0B90EB006580F9 /* Preview Assets.xcassets */,
			);
			path = "Preview Content";
			sourceTree = "<group>";
		};
		330F1C0E2C0B90EB006580F9 /* twitter_cloneTests */ = {
			isa = PBXGroup;
			children = (
				330F1C0F2C0B90EB006580F9 /* twitter_cloneTests.swift */,
			);
			path = twitter_cloneTests;
			sourceTree = "<group>";
		};
		330F1C182C0B90EB006580F9 /* twitter_cloneUITests */ = {
			isa = PBXGroup;
			children = (
				330F1C192C0B90EB006580F9 /* twitter_cloneUITests.swift */,
				330F1C1B2C0B90EB006580F9 /* twitter_cloneUITestsLaunchTests.swift */,
			);
			path = twitter_cloneUITests;
			sourceTree = "<group>";
		};
/* End PBXGroup section */

/* Begin PBXNativeTarget section */
		330F1BFA2C0B90E9006580F9 /* twitter_clone */ = {
			isa = PBXNativeTarget;
			buildConfigurationList = 330F1C1F2C0B90EB006580F9 /* Build configuration list for PBXNativeTarget "twitter_clone" */;
			buildPhases = (
				330F1BF72C0B90E9006580F9 /* Sources */,
				330F1BF82C0B90E9006580F9 /* Frameworks */,
				330F1BF92C0B90E9006580F9 /* Resources */,
			);
			buildRules = (
			);
			dependencies = (
			);
			name = twitter_clone;
			productName = twitter_clone;
			productReference = 330F1BFB2C0B90EA006580F9 /* twitter_clone.app */;
			productType = "com.apple.product-type.application";
		};
		330F1C0A2C0B90EB006580F9 /* twitter_cloneTests */ = {
			isa = PBXNativeTarget;
			buildConfigurationList = 330F1C222C0B90EB006580F9 /* Build configuration list for PBXNativeTarget "twitter_cloneTests" */;
			buildPhases = (
				330F1C072C0B90EB006580F9 /* Sources */,
				330F1C082C0B90EB006580F9 /* Frameworks */,
				330F1C092C0B90EB006580F9 /* Resources */,
			);
			buildRules = (
			);
			dependencies = (
				330F1C0D2C0B90EB006580F9 /* PBXTargetDependency */,
			);
			name = twitter_cloneTests;
			productName = twitter_cloneTests;
			productReference = 330F1C0B2C0B90EB006580F9 /* twitter_cloneTests.xctest */;
			productType = "com.apple.product-type.bundle.unit-test";
		};
		330F1C142C0B90EB006580F9 /* twitter_cloneUITests */ = {
			isa = PBXNativeTarget;
			buildConfigurationList = 330F1C252C0B90EB006580F9 /* Build configuration list for PBXNativeTarget "twitter_cloneUITests" */;
			buildPhases = (
				330F1C112C0B90EB006580F9 /* Sources */,
				330F1C122C0B90EB006580F9 /* Frameworks */,
				330F1C132C0B90EB006580F9 /* Resources */,
			);
			buildRules = (
			);
			dependencies = (
				330F1C172C0B90EB006580F9 /* PBXTargetDependency */,
			);
			name = twitter_cloneUITests;
			productName = twitter_cloneUITests;
			productReference = 330F1C152C0B90EB006580F9 /* twitter_cloneUITests.xctest */;
			productType = "com.apple.product-type.bundle.ui-testing";
		};
/* End PBXNativeTarget section */

/* Begin PBXProject section */
		330F1BF32C0B90E9006580F9 /* Project object */ = {
			isa = PBXProject;
			attributes = {
				BuildIndependentTargetsInParallel = 1;
				LastSwiftUpdateCheck = 1540;
				LastUpgradeCheck = 1540;
				TargetAttributes = {
					330F1BFA2C0B90E9006580F9 = {
						CreatedOnToolsVersion = 15.4;
					};
					330F1C0A2C0B90EB006580F9 = {
						CreatedOnToolsVersion = 15.4;
						TestTargetID = 330F1BFA2C0B90E9006580F9;
					};
					330F1C142C0B90EB006580F9 = {
						CreatedOnToolsVersion = 15.4;
						TestTargetID = 330F1BFA2C0B90E9006580F9;
					};
				};
			};
			buildConfigurationList = 330F1BF62C0B90E9006580F9 /* Build configuration list for PBXProject "twitter_clone" */;
			compatibilityVersion = "Xcode 14.0";
			developmentRegion = en;
			hasScannedForEncodings = 0;
			knownRegions = (
				en,
				Base,
			);
			mainGroup = 330F1BF22C0B90E9006580F9;
			productRefGroup = 330F1BFC2C0B90EA006580F9 /* Products */;
			projectDirPath = "";
			projectRoot = "";
			targets = (
				330F1BFA2C0B90E9006580F9 /* twitter_clone */,
				330F1C0A2C0B90EB006580F9 /* twitter_cloneTests */,
				330F1C142C0B90EB006580F9 /* twitter_cloneUITests */,
			);
		};
/* End PBXProject section */

/* Begin PBXResourcesBuildPhase section */
		330F1BF92C0B90E9006580F9 /* Resources */ = {
			isa = PBXResourcesBuildPhase;
			buildActionMask = 2147483647;
			files = (
				330F1C062C0B90EB006580F9 /* Preview Assets.xcassets in Resources */,
				330F1C032C0B90EB006580F9 /* Assets.xcassets in Resources */,
			);
			runOnlyForDeploymentPostprocessing = 0;
		};
		330F1C092C0B90EB006580F9 /* Resources */ = {
			isa = PBXResourcesBuildPhase;
			buildActionMask = 2147483647;
			files = (
			);
			runOnlyForDeploymentPostprocessing = 0;
		};
		330F1C132C0B90EB006580F9 /* Resources */ = {
			isa = PBXResourcesBuildPhase;
			buildActionMask = 2147483647;
			files = (
			);
			runOnlyForDeploymentPostprocessing = 0;
		};
/* End PBXResourcesBuildPhase section */

/* Begin PBXSourcesBuildPhase section */
		330F1BF72C0B90E9006580F9 /* Sources */ = {
			isa = PBXSourcesBuildPhase;
			buildActionMask = 2147483647;
			files = (
				330F1C012C0B90EA006580F9 /* ContentView.swift in Sources */,
				330F1BFF2C0B90EA006580F9 /* twitter_cloneApp.swift in Sources */,
			);
			runOnlyForDeploymentPostprocessing = 0;
		};
		330F1C072C0B90EB006580F9 /* Sources */ = {
			isa = PBXSourcesBuildPhase;
			buildActionMask = 2147483647;
			files = (
				330F1C102C0B90EB006580F9 /* twitter_cloneTests.swift in Sources */,
			);
			runOnlyForDeploymentPostprocessing = 0;
		};
		330F1C112C0B90EB006580F9 /* Sources */ = {
			isa = PBXSourcesBuildPhase;
			buildActionMask = 2147483647;
			files = (
				330F1C1C2C0B90EB006580F9 /* twitter_cloneUITestsLaunchTests.swift in Sources */,
				330F1C1A2C0B90EB006580F9 /* twitter_cloneUITests.swift in Sources */,
			);
			runOnlyForDeploymentPostprocessing = 0;
		};
/* End PBXSourcesBuildPhase section */

/* Begin PBXTargetDependency section */
		330F1C0D2C0B90EB006580F9 /* PBXTargetDependency */ = {
			isa = PBXTargetDependency;
			target = 330F1BFA2C0B90E9006580F9 /* twitter_clone */;
			targetProxy = 330F1C0C2C0B90EB006580F9 /* PBXContainerItemProxy */;
		};
		330F1C172C0B90EB006580F9 /* PBXTargetDependency */ = {
			isa = PBXTargetDependency;
			target = 330F1BFA2C0B90E9006580F9 /* twitter_clone */;
			targetProxy = 330F1C162C0B90EB006580F9 /* PBXContainerItemProxy */;
		};
/* End PBXTargetDependency section */

/* Begin XCBuildConfiguration section */
		330F1C1D2C0B90EB006580F9 /* Debug */ = {
			isa = XCBuildConfiguration;
			buildSettings = {
				ALWAYS_SEARCH_USER_PATHS = NO;
				ASSETCATALOG_COMPILER_GENERATE_SWIFT_ASSET_SYMBOL_EXTENSIONS = YES;
				CLANG_ANALYZER_NONNULL = YES;
				CLANG_ANALYZER_NUMBER_OBJECT_CONVERSION = YES_AGGRESSIVE;
				CLANG_CXX_LANGUAGE_STANDARD = "gnu++20";
				CLANG_ENABLE_MODULES = YES;
				CLANG_ENABLE_OBJC_ARC = YES;
				CLANG_ENABLE_OBJC_WEAK = YES;
				CLANG_WARN_BLOCK_CAPTURE_AUTORELEASING = YES;
				CLANG_WARN_BOOL_CONVERSION = YES;
				CLANG_WARN_COMMA = YES;
				CLANG_WARN_CONSTANT_CONVERSION = YES;
				CLANG_WARN_DEPRECATED_OBJC_IMPLEMENTATIONS = YES;
				CLANG_WARN_DIRECT_OBJC_ISA_USAGE = YES_ERROR;
				CLANG_WARN_DOCUMENTATION_COMMENTS = YES;
				CLANG_WARN_EMPTY_BODY = YES;
				CLANG_WARN_ENUM_CONVERSION = YES;
				CLANG_WARN_INFINITE_RECURSION = YES;
				CLANG_WARN_INT_CONVERSION = YES;
				CLANG_WARN_NON_LITERAL_NULL_CONVERSION = YES;
				CLANG_WARN_OBJC_IMPLICIT_RETAIN_SELF = YES;
				CLANG_WARN_OBJC_LITERAL_CONVERSION = YES;
				CLANG_WARN_OBJC_ROOT_CLASS = YES_ERROR;
				CLANG_WARN_QUOTED_INCLUDE_IN_FRAMEWORK_HEADER = YES;
				CLANG_WARN_RANGE_LOOP_ANALYSIS = YES;
				CLANG_WARN_STRICT_PROTOTYPES = YES;
				CLANG_WARN_SUSPICIOUS_MOVE = YES;
				CLANG_WARN_UNGUARDED_AVAILABILITY = YES_AGGRESSIVE;
				CLANG_WARN_UNREACHABLE_CODE = YES;
				CLANG_WARN__DUPLICATE_METHOD_MATCH = YES;
				COPY_PHASE_STRIP = NO;
				DEBUG_INFORMATION_FORMAT = dwarf;
				ENABLE_STRICT_OBJC_MSGSEND = YES;
				ENABLE_TESTABILITY = YES;
				ENABLE_USER_SCRIPT_SANDBOXING = YES;
				GCC_C_LANGUAGE_STANDARD = gnu17;
				GCC_DYNAMIC_NO_PIC = NO;
				GCC_NO_COMMON_BLOCKS = YES;
				GCC_OPTIMIZATION_LEVEL = 0;
				GCC_PREPROCESSOR_DEFINITIONS = (
					"DEBUG=1",
					"$(inherited)",
				);
				GCC_WARN_64_TO_32_BIT_CONVERSION = YES;
				GCC_WARN_ABOUT_RETURN_TYPE = YES_ERROR;
				GCC_WARN_UNDECLARED_SELECTOR = YES;
				GCC_WARN_UNINITIALIZED_AUTOS = YES_AGGRESSIVE;
				GCC_WARN_UNUSED_FUNCTION = YES;
				GCC_WARN_UNUSED_VARIABLE = YES;
				IPHONEOS_DEPLOYMENT_TARGET = 17.5;
				LOCALIZATION_PREFERS_STRING_CATALOGS = YES;
				MTL_ENABLE_DEBUG_INFO = INCLUDE_SOURCE;
				MTL_FAST_MATH = YES;
				ONLY_ACTIVE_ARCH = YES;
				SDKROOT = iphoneos;
				SWIFT_ACTIVE_COMPILATION_CONDITIONS = "DEBUG $(inherited)";
				SWIFT_OPTIMIZATION_LEVEL = "-Onone";
			};
			name = Debug;
		};
		330F1C1E2C0B90EB006580F9 /* Release */ = {
			isa = XCBuildConfiguration;
			buildSettings = {
				ALWAYS_SEARCH_USER_PATHS = NO;
				ASSETCATALOG_COMPILER_GENERATE_SWIFT_ASSET_SYMBOL_EXTENSIONS = YES;
				CLANG_ANALYZER_NONNULL = YES;
				CLANG_ANALYZER_NUMBER_OBJECT_CONVERSION = YES_AGGRESSIVE;
				CLANG_CXX_LANGUAGE_STANDARD = "gnu++20";
				CLANG_ENABLE_MODULES = YES;
				CLANG_ENABLE_OBJC_ARC = YES;
				CLANG_ENABLE_OBJC_WEAK = YES;
				CLANG_WARN_BLOCK_CAPTURE_AUTORELEASING = YES;
				CLANG_WARN_BOOL_CONVERSION = YES;
				CLANG_WARN_COMMA = YES;
				CLANG_WARN_CONSTANT_CONVERSION = YES;
				CLANG_WARN_DEPRECATED_OBJC_IMPLEMENTATIONS = YES;
				CLANG_WARN_DIRECT_OBJC_ISA_USAGE = YES_ERROR;
				CLANG_WARN_DOCUMENTATION_COMMENTS = YES;
				CLANG_WARN_EMPTY_BODY = YES;
				CLANG_WARN_ENUM_CONVERSION = YES;
				CLANG_WARN_INFINITE_RECURSION = YES;
				CLANG_WARN_INT_CONVERSION = YES;
				CLANG_WARN_NON_LITERAL_NULL_CONVERSION = YES;
				CLANG_WARN_OBJC_IMPLICIT_RETAIN_SELF = YES;
				CLANG_WARN_OBJC_LITERAL_CONVERSION = YES;
				CLANG_WARN_OBJC_ROOT_CLASS = YES_ERROR;
				CLANG_WARN_QUOTED_INCLUDE_IN_FRAMEWORK_HEADER = YES;
				CLANG_WARN_RANGE_LOOP_ANALYSIS = YES;
				CLANG_WARN_STRICT_PROTOTYPES = YES;
				CLANG_WARN_SUSPICIOUS_MOVE = YES;
				CLANG_WARN_UNGUARDED_AVAILABILITY = YES_AGGRESSIVE;
				CLANG_WARN_UNREACHABLE_CODE = YES;
				CLANG_WARN__DUPLICATE_METHOD_MATCH = YES;
				COPY_PHASE_STRIP = NO;
				DEBUG_INFORMATION_FORMAT = "dwarf-with-dsym";
				ENABLE_NS_ASSERTIONS = NO;
				ENABLE_STRICT_OBJC_MSGSEND = YES;
				ENABLE_USER_SCRIPT_SANDBOXING = YES;
				GCC_C_LANGUAGE_STANDARD = gnu17;
				GCC_NO_COMMON_BLOCKS = YES;
				GCC_WARN_64_TO_32_BIT_CONVERSION = YES;
				GCC_WARN_ABOUT_RETURN_TYPE = YES_ERROR;
				GCC_WARN_UNDECLARED_SELECTOR = YES;
				GCC_WARN_UNINITIALIZED_AUTOS = YES_AGGRESSIVE;
				GCC_WARN_UNUSED_FUNCTION = YES;
				GCC_WARN_UNUSED_VARIABLE = YES;
				IPHONEOS_DEPLOYMENT_TARGET = 17.5;
				LOCALIZATION_PREFERS_STRING_CATALOGS = YES;
				MTL_ENABLE_DEBUG_INFO = NO;
				MTL_FAST_MATH = YES;
				SDKROOT = iphoneos;
				SWIFT_COMPILATION_MODE = wholemodule;
				VALIDATE_PRODUCT = YES;
			};
			name = Release;
		};
		330F1C202C0B90EB006580F9 /* Debug */ = {
			isa = XCBuildConfiguration;
			buildSettings = {
				ASSETCATALOG_COMPILER_APPICON_NAME = AppIcon;
				ASSETCATALOG_COMPILER_GLOBAL_ACCENT_COLOR_NAME = AccentColor;
				CODE_SIGN_STYLE = Automatic;
				CURRENT_PROJECT_VERSION = 1;
				DEVELOPMENT_ASSET_PATHS = "\"twitter_clone/Preview Content\"";
				ENABLE_PREVIEWS = YES;
				GENERATE_INFOPLIST_FILE = YES;
				INFOPLIST_KEY_UIApplicationSceneManifest_Generation = YES;
				INFOPLIST_KEY_UIApplicationSupportsIndirectInputEvents = YES;
				INFOPLIST_KEY_UILaunchScreen_Generation = YES;
				INFOPLIST_KEY_UISupportedInterfaceOrientations_iPad = "UIInterfaceOrientationPortrait UIInterfaceOrientationPortraitUpsideDown UIInterfaceOrientationLandscapeLeft UIInterfaceOrientationLandscapeRight";
				INFOPLIST_KEY_UISupportedInterfaceOrientations_iPhone = "UIInterfaceOrientationPortrait UIInterfaceOrientationLandscapeLeft UIInterfaceOrientationLandscapeRight";
				LD_RUNPATH_SEARCH_PATHS = (
					"$(inherited)",
					"@executable_path/Frameworks",
				);
				MARKETING_VERSION = 1.0;
				PRODUCT_BUNDLE_IDENTIFIER = "com.golu.twitter-clone";
				PRODUCT_NAME = "$(TARGET_NAME)";
				SWIFT_EMIT_LOC_STRINGS = YES;
				SWIFT_VERSION = 5.0;
				TARGETED_DEVICE_FAMILY = "1,2";
			};
			name = Debug;
		};
		330F1C212C0B90EB006580F9 /* Release */ = {
			isa = XCBuildConfiguration;
			buildSettings = {
				ASSETCATALOG_COMPILER_APPICON_NAME = AppIcon;
				ASSETCATALOG_COMPILER_GLOBAL_ACCENT_COLOR_NAME = AccentColor;
				CODE_SIGN_STYLE = Automatic;
				CURRENT_PROJECT_VERSION = 1;
				DEVELOPMENT_ASSET_PATHS = "\"twitter_clone/Preview Content\"";
				ENABLE_PREVIEWS = YES;
				GENERATE_INFOPLIST_FILE = YES;
				INFOPLIST_KEY_UIApplicationSceneManifest_Generation = YES;
				INFOPLIST_KEY_UIApplicationSupportsIndirectInputEvents = YES;
				INFOPLIST_KEY_UILaunchScreen_Generation = YES;
				INFOPLIST_KEY_UISupportedInterfaceOrientations_iPad = "UIInterfaceOrientationPortrait UIInterfaceOrientationPortraitUpsideDown UIInterfaceOrientationLandscapeLeft UIInterfaceOrientationLandscapeRight";
				INFOPLIST_KEY_UISupportedInterfaceOrientations_iPhone = "UIInterfaceOrientationPortrait UIInterfaceOrientationLandscapeLeft UIInterfaceOrientationLandscapeRight";
				LD_RUNPATH_SEARCH_PATHS = (
					"$(inherited)",
					"@executable_path/Frameworks",
				);
				MARKETING_VERSION = 1.0;
				PRODUCT_BUNDLE_IDENTIFIER = "com.golu.twitter-clone";
				PRODUCT_NAME = "$(TARGET_NAME)";
				SWIFT_EMIT_LOC_STRINGS = YES;
				SWIFT_VERSION = 5.0;
				TARGETED_DEVICE_FAMILY = "1,2";
			};
			name = Release;
		};
		330F1C232C0B90EB006580F9 /* Debug */ = {
			isa = XCBuildConfiguration;
			buildSettings = {
				ALWAYS_EMBED_SWIFT_STANDARD_LIBRARIES = YES;
				BUNDLE_LOADER = "$(TEST_HOST)";
				CODE_SIGN_STYLE = Automatic;
				CURRENT_PROJECT_VERSION = 1;
				GENERATE_INFOPLIST_FILE = YES;
				IPHONEOS_DEPLOYMENT_TARGET = 17.5;
				MARKETING_VERSION = 1.0;
				PRODUCT_BUNDLE_IDENTIFIER = "com.golu.twitter-cloneTests";
				PRODUCT_NAME = "$(TARGET_NAME)";
				SWIFT_EMIT_LOC_STRINGS = NO;
				SWIFT_VERSION = 5.0;
				TARGETED_DEVICE_FAMILY = "1,2";
				TEST_HOST = "$(BUILT_PRODUCTS_DIR)/twitter_clone.app/$(BUNDLE_EXECUTABLE_FOLDER_PATH)/twitter_clone";
			};
			name = Debug;
		};
		330F1C242C0B90EB006580F9 /* Release */ = {
			isa = XCBuildConfiguration;
			buildSettings = {
				ALWAYS_EMBED_SWIFT_STANDARD_LIBRARIES = YES;
				BUNDLE_LOADER = "$(TEST_HOST)";
				CODE_SIGN_STYLE = Automatic;
				CURRENT_PROJECT_VERSION = 1;
				GENERATE_INFOPLIST_FILE = YES;
				IPHONEOS_DEPLOYMENT_TARGET = 17.5;
				MARKETING_VERSION = 1.0;
				PRODUCT_BUNDLE_IDENTIFIER = "com.golu.twitter-cloneTests";
				PRODUCT_NAME = "$(TARGET_NAME)";
				SWIFT_EMIT_LOC_STRINGS = NO;
				SWIFT_VERSION = 5.0;
				TARGETED_DEVICE_FAMILY = "1,2";
				TEST_HOST = "$(BUILT_PRODUCTS_DIR)/twitter_clone.app/$(BUNDLE_EXECUTABLE_FOLDER_PATH)/twitter_clone";
			};
			name = Release;
		};
		330F1C262C0B90EB006580F9 /* Debug */ = {
			isa = XCBuildConfiguration;
			buildSettings = {
				ALWAYS_EMBED_SWIFT_STANDARD_LIBRARIES = YES;
				CODE_SIGN_STYLE = Automatic;
				CURRENT_PROJECT_VERSION = 1;
				GENERATE_INFOPLIST_FILE = YES;
				MARKETING_VERSION = 1.0;
				PRODUCT_BUNDLE_IDENTIFIER = "com.golu.twitter-cloneUITests";
				PRODUCT_NAME = "$(TARGET_NAME)";
				SWIFT_EMIT_LOC_STRINGS = NO;
				SWIFT_VERSION = 5.0;
				TARGETED_DEVICE_FAMILY = "1,2";
				TEST_TARGET_NAME = twitter_clone;
			};
			name = Debug;
		};
		330F1C272C0B90EB006580F9 /* Release */ = {
			isa = XCBuildConfiguration;
			buildSettings = {
				ALWAYS_EMBED_SWIFT_STANDARD_LIBRARIES = YES;
				CODE_SIGN_STYLE = Automatic;
				CURRENT_PROJECT_VERSION = 1;
				GENERATE_INFOPLIST_FILE = YES;
				MARKETING_VERSION = 1.0;
				PRODUCT_BUNDLE_IDENTIFIER = "com.golu.twitter-cloneUITests";
				PRODUCT_NAME = "$(TARGET_NAME)";
				SWIFT_EMIT_LOC_STRINGS = NO;
				SWIFT_VERSION = 5.0;
				TARGETED_DEVICE_FAMILY = "1,2";
				TEST_TARGET_NAME = twitter_clone;
			};
			name = Release;
		};
/* End XCBuildConfiguration section */

/* Begin XCConfigurationList section */
		330F1BF62C0B90E9006580F9 /* Build configuration list for PBXProject "twitter_clone" */ = {
			isa = XCConfigurationList;
			buildConfigurations = (
				330F1C1D2C0B90EB006580F9 /* Debug */,
				330F1C1E2C0B90EB006580F9 /* Release */,
			);
			defaultConfigurationIsVisible = 0;
			defaultConfigurationName = Release;
		};
		330F1C1F2C0B90EB006580F9 /* Build configuration list for PBXNativeTarget "twitter_clone" */ = {
			isa = XCConfigurationList;
			buildConfigurations = (
				330F1C202C0B90EB006580F9 /* Debug */,
				330F1C212C0B90EB006580F9 /* Release */,
			);
			defaultConfigurationIsVisible = 0;
			defaultConfigurationName = Release;
		};
		330F1C222C0B90EB006580F9 /* Build configuration list for PBXNativeTarget "twitter_cloneTests" */ = {
			isa = XCConfigurationList;
			buildConfigurations = (
				330F1C232C0B90EB006580F9 /* Debug */,
				330F1C242C0B90EB006580F9 /* Release */,
			);
			defaultConfigurationIsVisible = 0;
			defaultConfigurationName = Release;
		};
		330F1C252C0B90EB006580F9 /* Build configuration list for PBXNativeTarget "twitter_cloneUITests" */ = {
			isa = XCConfigurationList;
			buildConfigurations = (
				330F1C262C0B90EB006580F9 /* Debug */,
				330F1C272C0B90EB006580F9 /* Release */,
			);
			defaultConfigurationIsVisible = 0;
			defaultConfigurationName = Release;
		};
/* End XCConfigurationList section */
	};
	rootObject = 330F1BF32C0B90E9006580F9 /* Project object */;
}
